// !$*UTF8*$!
{
	archiveVersion = 1;
	classes = {
	};
	objectVersion = 56;
	objects = {

/* Begin PBXBuildFile section */
		B5C095FC2B36B233000EBB72 /* AppDelegate.swift in Sources */ = {isa = PBXBuildFile; fileRef = B5C095FB2B36B233000EBB72 /* AppDelegate.swift */; };
		B5C095FE2B36B233000EBB72 /* SceneDelegate.swift in Sources */ = {isa = PBXBuildFile; fileRef = B5C095FD2B36B233000EBB72 /* SceneDelegate.swift */; };
		B5C096002B36B233000EBB72 /* ViewController.swift in Sources */ = {isa = PBXBuildFile; fileRef = B5C095FF2B36B233000EBB72 /* ViewController.swift */; };
		B5C096032B36B233000EBB72 /* Main.storyboard in Resources */ = {isa = PBXBuildFile; fileRef = B5C096012B36B233000EBB72 /* Main.storyboard */; };
		B5C096052B36B234000EBB72 /* Assets.xcassets in Resources */ = {isa = PBXBuildFile; fileRef = B5C096042B36B234000EBB72 /* Assets.xcassets */; };
		B5C096082B36B234000EBB72 /* LaunchScreen.storyboard in Resources */ = {isa = PBXBuildFile; fileRef = B5C096062B36B234000EBB72 /* LaunchScreen.storyboard */; };
		B5C096132B36B234000EBB72 /* DailyTests.swift in Sources */ = {isa = PBXBuildFile; fileRef = B5C096122B36B234000EBB72 /* DailyTests.swift */; };
		B5C0961D2B36B234000EBB72 /* DailyUITests.swift in Sources */ = {isa = PBXBuildFile; fileRef = B5C0961C2B36B234000EBB72 /* DailyUITests.swift */; };
		B5C0961F2B36B234000EBB72 /* DailyUITestsLaunchTests.swift in Sources */ = {isa = PBXBuildFile; fileRef = B5C0961E2B36B234000EBB72 /* DailyUITestsLaunchTests.swift */; };
		B5C0962F2B36B300000EBB72 /* HomeView.swift in Sources */ = {isa = PBXBuildFile; fileRef = B5C0962E2B36B300000EBB72 /* HomeView.swift */; };
/* End PBXBuildFile section */

/* Begin PBXContainerItemProxy section */
		B5C0960F2B36B234000EBB72 /* PBXContainerItemProxy */ = {
			isa = PBXContainerItemProxy;
			containerPortal = B5C095F02B36B233000EBB72 /* Project object */;
			proxyType = 1;
			remoteGlobalIDString = B5C095F72B36B233000EBB72;
			remoteInfo = Daily;
		};
		B5C096192B36B234000EBB72 /* PBXContainerItemProxy */ = {
			isa = PBXContainerItemProxy;
			containerPortal = B5C095F02B36B233000EBB72 /* Project object */;
			proxyType = 1;
			remoteGlobalIDString = B5C095F72B36B233000EBB72;
			remoteInfo = Daily;
		};
/* End PBXContainerItemProxy section */

/* Begin PBXFileReference section */
		B5C095F82B36B233000EBB72 /* Daily.app */ = {isa = PBXFileReference; explicitFileType = wrapper.application; includeInIndex = 0; path = Daily.app; sourceTree = BUILT_PRODUCTS_DIR; };
		B5C095FB2B36B233000EBB72 /* AppDelegate.swift */ = {isa = PBXFileReference; lastKnownFileType = sourcecode.swift; path = AppDelegate.swift; sourceTree = "<group>"; };
		B5C095FD2B36B233000EBB72 /* SceneDelegate.swift */ = {isa = PBXFileReference; lastKnownFileType = sourcecode.swift; path = SceneDelegate.swift; sourceTree = "<group>"; };
		B5C095FF2B36B233000EBB72 /* ViewController.swift */ = {isa = PBXFileReference; lastKnownFileType = sourcecode.swift; path = ViewController.swift; sourceTree = "<group>"; };
		B5C096022B36B233000EBB72 /* Base */ = {isa = PBXFileReference; lastKnownFileType = file.storyboard; name = Base; path = Base.lproj/Main.storyboard; sourceTree = "<group>"; };
		B5C096042B36B234000EBB72 /* Assets.xcassets */ = {isa = PBXFileReference; lastKnownFileType = folder.assetcatalog; path = Assets.xcassets; sourceTree = "<group>"; };
		B5C096072B36B234000EBB72 /* Base */ = {isa = PBXFileReference; lastKnownFileType = file.storyboard; name = Base; path = Base.lproj/LaunchScreen.storyboard; sourceTree = "<group>"; };
		B5C096092B36B234000EBB72 /* Info.plist */ = {isa = PBXFileReference; lastKnownFileType = text.plist.xml; path = Info.plist; sourceTree = "<group>"; };
		B5C0960E2B36B234000EBB72 /* DailyTests.xctest */ = {isa = PBXFileReference; explicitFileType = wrapper.cfbundle; includeInIndex = 0; path = DailyTests.xctest; sourceTree = BUILT_PRODUCTS_DIR; };
		B5C096122B36B234000EBB72 /* DailyTests.swift */ = {isa = PBXFileReference; lastKnownFileType = sourcecode.swift; path = DailyTests.swift; sourceTree = "<group>"; };
		B5C096182B36B234000EBB72 /* DailyUITests.xctest */ = {isa = PBXFileReference; explicitFileType = wrapper.cfbundle; includeInIndex = 0; path = DailyUITests.xctest; sourceTree = BUILT_PRODUCTS_DIR; };
		B5C0961C2B36B234000EBB72 /* DailyUITests.swift */ = {isa = PBXFileReference; lastKnownFileType = sourcecode.swift; path = DailyUITests.swift; sourceTree = "<group>"; };
		B5C0961E2B36B234000EBB72 /* DailyUITestsLaunchTests.swift */ = {isa = PBXFileReference; lastKnownFileType = sourcecode.swift; path = DailyUITestsLaunchTests.swift; sourceTree = "<group>"; };
		B5C0962E2B36B300000EBB72 /* HomeView.swift */ = {isa = PBXFileReference; lastKnownFileType = sourcecode.swift; path = HomeView.swift; sourceTree = "<group>"; };
/* End PBXFileReference section */

/* Begin PBXFrameworksBuildPhase section */
		B5C095F52B36B233000EBB72 /* Frameworks */ = {
			isa = PBXFrameworksBuildPhase;
			buildActionMask = 2147483647;
			files = (
			);
			runOnlyForDeploymentPostprocessing = 0;
		};
		B5C0960B2B36B234000EBB72 /* Frameworks */ = {
			isa = PBXFrameworksBuildPhase;
			buildActionMask = 2147483647;
			files = (
			);
			runOnlyForDeploymentPostprocessing = 0;
		};
		B5C096152B36B234000EBB72 /* Frameworks */ = {
			isa = PBXFrameworksBuildPhase;
			buildActionMask = 2147483647;
			files = (
			);
			runOnlyForDeploymentPostprocessing = 0;
		};
/* End PBXFrameworksBuildPhase section */

/* Begin PBXGroup section */
		B5C095EF2B36B233000EBB72 = {
			isa = PBXGroup;
			children = (
				B5C095FA2B36B233000EBB72 /* Daily */,
				B5C096112B36B234000EBB72 /* DailyTests */,
				B5C0961B2B36B234000EBB72 /* DailyUITests */,
				B5C095F92B36B233000EBB72 /* Products */,
			);
			sourceTree = "<group>";
		};
		B5C095F92B36B233000EBB72 /* Products */ = {
			isa = PBXGroup;
			children = (
				B5C095F82B36B233000EBB72 /* Daily.app */,
				B5C0960E2B36B234000EBB72 /* DailyTests.xctest */,
				B5C096182B36B234000EBB72 /* DailyUITests.xctest */,
			);
			name = Products;
			sourceTree = "<group>";
		};
		B5C095FA2B36B233000EBB72 /* Daily */ = {
			isa = PBXGroup;
			children = (
				B5C0962B2B36B2B3000EBB72 /* Home */,
				B5C095FB2B36B233000EBB72 /* AppDelegate.swift */,
				B5C095FD2B36B233000EBB72 /* SceneDelegate.swift */,
				B5C095FF2B36B233000EBB72 /* ViewController.swift */,
				B5C096012B36B233000EBB72 /* Main.storyboard */,
				B5C096042B36B234000EBB72 /* Assets.xcassets */,
				B5C096062B36B234000EBB72 /* LaunchScreen.storyboard */,
				B5C096092B36B234000EBB72 /* Info.plist */,
			);
			path = Daily;
			sourceTree = "<group>";
		};
		B5C096112B36B234000EBB72 /* DailyTests */ = {
			isa = PBXGroup;
			children = (
				B5C096122B36B234000EBB72 /* DailyTests.swift */,
			);
			path = DailyTests;
			sourceTree = "<group>";
		};
		B5C0961B2B36B234000EBB72 /* DailyUITests */ = {
			isa = PBXGroup;
			children = (
				B5C0961C2B36B234000EBB72 /* DailyUITests.swift */,
				B5C0961E2B36B234000EBB72 /* DailyUITestsLaunchTests.swift */,
			);
			path = DailyUITests;
			sourceTree = "<group>";
		};
		B5C0962B2B36B2B3000EBB72 /* Home */ = {
			isa = PBXGroup;
			children = (
				B5C0962E2B36B300000EBB72 /* HomeView.swift */,
			);
			path = Home;
			sourceTree = "<group>";
		};
/* End PBXGroup section */

/* Begin PBXNativeTarget section */
		B5C095F72B36B233000EBB72 /* Daily */ = {
			isa = PBXNativeTarget;
			buildConfigurationList = B5C096222B36B234000EBB72 /* Build configuration list for PBXNativeTarget "Daily" */;
			buildPhases = (
				B5C095F42B36B233000EBB72 /* Sources */,
				B5C095F52B36B233000EBB72 /* Frameworks */,
				B5C095F62B36B233000EBB72 /* Resources */,
			);
			buildRules = (
			);
			dependencies = (
			);
			name = Daily;
			productName = Daily;
			productReference = B5C095F82B36B233000EBB72 /* Daily.app */;
			productType = "com.apple.product-type.application";
		};
		B5C0960D2B36B234000EBB72 /* DailyTests */ = {
			isa = PBXNativeTarget;
			buildConfigurationList = B5C096252B36B234000EBB72 /* Build configuration list for PBXNativeTarget "DailyTests" */;
			buildPhases = (
				B5C0960A2B36B234000EBB72 /* Sources */,
				B5C0960B2B36B234000EBB72 /* Frameworks */,
				B5C0960C2B36B234000EBB72 /* Resources */,
			);
			buildRules = (
			);
			dependencies = (
				B5C096102B36B234000EBB72 /* PBXTargetDependency */,
			);
			name = DailyTests;
			productName = DailyTests;
			productReference = B5C0960E2B36B234000EBB72 /* DailyTests.xctest */;
			productType = "com.apple.product-type.bundle.unit-test";
		};
		B5C096172B36B234000EBB72 /* DailyUITests */ = {
			isa = PBXNativeTarget;
			buildConfigurationList = B5C096282B36B234000EBB72 /* Build configuration list for PBXNativeTarget "DailyUITests" */;
			buildPhases = (
				B5C096142B36B234000EBB72 /* Sources */,
				B5C096152B36B234000EBB72 /* Frameworks */,
				B5C096162B36B234000EBB72 /* Resources */,
			);
			buildRules = (
			);
			dependencies = (
				B5C0961A2B36B234000EBB72 /* PBXTargetDependency */,
			);
			name = DailyUITests;
			productName = DailyUITests;
			productReference = B5C096182B36B234000EBB72 /* DailyUITests.xctest */;
			productType = "com.apple.product-type.bundle.ui-testing";
		};
/* End PBXNativeTarget section */

/* Begin PBXProject section */
		B5C095F02B36B233000EBB72 /* Project object */ = {
			isa = PBXProject;
			attributes = {
				BuildIndependentTargetsInParallel = 1;
				LastSwiftUpdateCheck = 1420;
				LastUpgradeCheck = 1420;
				TargetAttributes = {
					B5C095F72B36B233000EBB72 = {
						CreatedOnToolsVersion = 14.2;
					};
					B5C0960D2B36B234000EBB72 = {
						CreatedOnToolsVersion = 14.2;
						TestTargetID = B5C095F72B36B233000EBB72;
					};
					B5C096172B36B234000EBB72 = {
						CreatedOnToolsVersion = 14.2;
						TestTargetID = B5C095F72B36B233000EBB72;
					};
				};
			};
			buildConfigurationList = B5C095F32B36B233000EBB72 /* Build configuration list for PBXProject "Daily" */;
			compatibilityVersion = "Xcode 14.0";
			developmentRegion = en;
			hasScannedForEncodings = 0;
			knownRegions = (
				en,
				Base,
			);
			mainGroup = B5C095EF2B36B233000EBB72;
			productRefGroup = B5C095F92B36B233000EBB72 /* Products */;
			projectDirPath = "";
			projectRoot = "";
			targets = (
				B5C095F72B36B233000EBB72 /* Daily */,
				B5C0960D2B36B234000EBB72 /* DailyTests */,
				B5C096172B36B234000EBB72 /* DailyUITests */,
			);
		};
/* End PBXProject section */

/* Begin PBXResourcesBuildPhase section */
		B5C095F62B36B233000EBB72 /* Resources */ = {
			isa = PBXResourcesBuildPhase;
			buildActionMask = 2147483647;
			files = (
				B5C096082B36B234000EBB72 /* LaunchScreen.storyboard in Resources */,
				B5C096052B36B234000EBB72 /* Assets.xcassets in Resources */,
				B5C096032B36B233000EBB72 /* Main.storyboard in Resources */,
			);
			runOnlyForDeploymentPostprocessing = 0;
		};
		B5C0960C2B36B234000EBB72 /* Resources */ = {
			isa = PBXResourcesBuildPhase;
			buildActionMask = 2147483647;
			files = (
			);
			runOnlyForDeploymentPostprocessing = 0;
		};
		B5C096162B36B234000EBB72 /* Resources */ = {
			isa = PBXResourcesBuildPhase;
			buildActionMask = 2147483647;
			files = (
			);
			runOnlyForDeploymentPostprocessing = 0;
		};
/* End PBXResourcesBuildPhase section */

/* Begin PBXSourcesBuildPhase section */
		B5C095F42B36B233000EBB72 /* Sources */ = {
			isa = PBXSourcesBuildPhase;
			buildActionMask = 2147483647;
			files = (
				B5C096002B36B233000EBB72 /* ViewController.swift in Sources */,
				B5C0962F2B36B300000EBB72 /* HomeView.swift in Sources */,
				B5C095FC2B36B233000EBB72 /* AppDelegate.swift in Sources */,
				B5C095FE2B36B233000EBB72 /* SceneDelegate.swift in Sources */,
			);
			runOnlyForDeploymentPostprocessing = 0;
		};
		B5C0960A2B36B234000EBB72 /* Sources */ = {
			isa = PBXSourcesBuildPhase;
			buildActionMask = 2147483647;
			files = (
				B5C096132B36B234000EBB72 /* DailyTests.swift in Sources */,
			);
			runOnlyForDeploymentPostprocessing = 0;
		};
		B5C096142B36B234000EBB72 /* Sources */ = {
			isa = PBXSourcesBuildPhase;
			buildActionMask = 2147483647;
			files = (
				B5C0961F2B36B234000EBB72 /* DailyUITestsLaunchTests.swift in Sources */,
				B5C0961D2B36B234000EBB72 /* DailyUITests.swift in Sources */,
			);
			runOnlyForDeploymentPostprocessing = 0;
		};
/* End PBXSourcesBuildPhase section */

/* Begin PBXTargetDependency section */
		B5C096102B36B234000EBB72 /* PBXTargetDependency */ = {
			isa = PBXTargetDependency;
			target = B5C095F72B36B233000EBB72 /* Daily */;
			targetProxy = B5C0960F2B36B234000EBB72 /* PBXContainerItemProxy */;
		};
		B5C0961A2B36B234000EBB72 /* PBXTargetDependency */ = {
			isa = PBXTargetDependency;
			target = B5C095F72B36B233000EBB72 /* Daily */;
			targetProxy = B5C096192B36B234000EBB72 /* PBXContainerItemProxy */;
		};
/* End PBXTargetDependency section */

/* Begin PBXVariantGroup section */
		B5C096012B36B233000EBB72 /* Main.storyboard */ = {
			isa = PBXVariantGroup;
			children = (
				B5C096022B36B233000EBB72 /* Base */,
			);
			name = Main.storyboard;
			sourceTree = "<group>";
		};
		B5C096062B36B234000EBB72 /* LaunchScreen.storyboard */ = {
			isa = PBXVariantGroup;
			children = (
				B5C096072B36B234000EBB72 /* Base */,
			);
			name = LaunchScreen.storyboard;
			sourceTree = "<group>";
		};
/* End PBXVariantGroup section */

/* Begin XCBuildConfiguration section */
		B5C096202B36B234000EBB72 /* Debug */ = {
			isa = XCBuildConfiguration;
			buildSettings = {
				ALWAYS_SEARCH_USER_PATHS = NO;
				CLANG_ANALYZER_NONNULL = YES;
				CLANG_ANALYZER_NUMBER_OBJECT_CONVERSION = YES_AGGRESSIVE;
				CLANG_CXX_LANGUAGE_STANDARD = "gnu++20";
				CLANG_ENABLE_MODULES = YES;
				CLANG_ENABLE_OBJC_ARC = YES;
				CLANG_ENABLE_OBJC_WEAK = YES;
				CLANG_WARN_BLOCK_CAPTURE_AUTORELEASING = YES;
				CLANG_WARN_BOOL_CONVERSION = YES;
				CLANG_WARN_COMMA = YES;
				CLANG_WARN_CONSTANT_CONVERSION = YES;
				CLANG_WARN_DEPRECATED_OBJC_IMPLEMENTATIONS = YES;
				CLANG_WARN_DIRECT_OBJC_ISA_USAGE = YES_ERROR;
				CLANG_WARN_DOCUMENTATION_COMMENTS = YES;
				CLANG_WARN_EMPTY_BODY = YES;
				CLANG_WARN_ENUM_CONVERSION = YES;
				CLANG_WARN_INFINITE_RECURSION = YES;
				CLANG_WARN_INT_CONVERSION = YES;
				CLANG_WARN_NON_LITERAL_NULL_CONVERSION = YES;
				CLANG_WARN_OBJC_IMPLICIT_RETAIN_SELF = YES;
				CLANG_WARN_OBJC_LITERAL_CONVERSION = YES;
				CLANG_WARN_OBJC_ROOT_CLASS = YES_ERROR;
				CLANG_WARN_QUOTED_INCLUDE_IN_FRAMEWORK_HEADER = YES;
				CLANG_WARN_RANGE_LOOP_ANALYSIS = YES;
				CLANG_WARN_STRICT_PROTOTYPES = YES;
				CLANG_WARN_SUSPICIOUS_MOVE = YES;
				CLANG_WARN_UNGUARDED_AVAILABILITY = YES_AGGRESSIVE;
				CLANG_WARN_UNREACHABLE_CODE = YES;
				CLANG_WARN__DUPLICATE_METHOD_MATCH = YES;
				COPY_PHASE_STRIP = NO;
				DEBUG_INFORMATION_FORMAT = dwarf;
				ENABLE_STRICT_OBJC_MSGSEND = YES;
				ENABLE_TESTABILITY = YES;
				GCC_C_LANGUAGE_STANDARD = gnu11;
				GCC_DYNAMIC_NO_PIC = NO;
				GCC_NO_COMMON_BLOCKS = YES;
				GCC_OPTIMIZATION_LEVEL = 0;
				GCC_PREPROCESSOR_DEFINITIONS = (
					"DEBUG=1",
					"$(inherited)",
				);
				GCC_WARN_64_TO_32_BIT_CONVERSION = YES;
				GCC_WARN_ABOUT_RETURN_TYPE = YES_ERROR;
				GCC_WARN_UNDECLARED_SELECTOR = YES;
				GCC_WARN_UNINITIALIZED_AUTOS = YES_AGGRESSIVE;
				GCC_WARN_UNUSED_FUNCTION = YES;
				GCC_WARN_UNUSED_VARIABLE = YES;
				IPHONEOS_DEPLOYMENT_TARGET = 16.2;
				MTL_ENABLE_DEBUG_INFO = INCLUDE_SOURCE;
				MTL_FAST_MATH = YES;
				ONLY_ACTIVE_ARCH = YES;
				SDKROOT = iphoneos;
				SWIFT_ACTIVE_COMPILATION_CONDITIONS = DEBUG;
				SWIFT_OPTIMIZATION_LEVEL = "-Onone";
			};
			name = Debug;
		};
		B5C096212B36B234000EBB72 /* Release */ = {
			isa = XCBuildConfiguration;
			buildSettings = {
				ALWAYS_SEARCH_USER_PATHS = NO;
				CLANG_ANALYZER_NONNULL = YES;
				CLANG_ANALYZER_NUMBER_OBJECT_CONVERSION = YES_AGGRESSIVE;
				CLANG_CXX_LANGUAGE_STANDARD = "gnu++20";
				CLANG_ENABLE_MODULES = YES;
				CLANG_ENABLE_OBJC_ARC = YES;
				CLANG_ENABLE_OBJC_WEAK = YES;
				CLANG_WARN_BLOCK_CAPTURE_AUTORELEASING = YES;
				CLANG_WARN_BOOL_CONVERSION = YES;
				CLANG_WARN_COMMA = YES;
				CLANG_WARN_CONSTANT_CONVERSION = YES;
				CLANG_WARN_DEPRECATED_OBJC_IMPLEMENTATIONS = YES;
				CLANG_WARN_DIRECT_OBJC_ISA_USAGE = YES_ERROR;
				CLANG_WARN_DOCUMENTATION_COMMENTS = YES;
				CLANG_WARN_EMPTY_BODY = YES;
				CLANG_WARN_ENUM_CONVERSION = YES;
				CLANG_WARN_INFINITE_RECURSION = YES;
				CLANG_WARN_INT_CONVERSION = YES;
				CLANG_WARN_NON_LITERAL_NULL_CONVERSION = YES;
				CLANG_WARN_OBJC_IMPLICIT_RETAIN_SELF = YES;
				CLANG_WARN_OBJC_LITERAL_CONVERSION = YES;
				CLANG_WARN_OBJC_ROOT_CLASS = YES_ERROR;
				CLANG_WARN_QUOTED_INCLUDE_IN_FRAMEWORK_HEADER = YES;
				CLANG_WARN_RANGE_LOOP_ANALYSIS = YES;
				CLANG_WARN_STRICT_PROTOTYPES = YES;
				CLANG_WARN_SUSPICIOUS_MOVE = YES;
				CLANG_WARN_UNGUARDED_AVAILABILITY = YES_AGGRESSIVE;
				CLANG_WARN_UNREACHABLE_CODE = YES;
				CLANG_WARN__DUPLICATE_METHOD_MATCH = YES;
				COPY_PHASE_STRIP = NO;
				DEBUG_INFORMATION_FORMAT = "dwarf-with-dsym";
				ENABLE_NS_ASSERTIONS = NO;
				ENABLE_STRICT_OBJC_MSGSEND = YES;
				GCC_C_LANGUAGE_STANDARD = gnu11;
				GCC_NO_COMMON_BLOCKS = YES;
				GCC_WARN_64_TO_32_BIT_CONVERSION = YES;
				GCC_WARN_ABOUT_RETURN_TYPE = YES_ERROR;
				GCC_WARN_UNDECLARED_SELECTOR = YES;
				GCC_WARN_UNINITIALIZED_AUTOS = YES_AGGRESSIVE;
				GCC_WARN_UNUSED_FUNCTION = YES;
				GCC_WARN_UNUSED_VARIABLE = YES;
				IPHONEOS_DEPLOYMENT_TARGET = 16.2;
				MTL_ENABLE_DEBUG_INFO = NO;
				MTL_FAST_MATH = YES;
				SDKROOT = iphoneos;
				SWIFT_COMPILATION_MODE = wholemodule;
				SWIFT_OPTIMIZATION_LEVEL = "-O";
				VALIDATE_PRODUCT = YES;
			};
			name = Release;
		};
		B5C096232B36B234000EBB72 /* Debug */ = {
			isa = XCBuildConfiguration;
			buildSettings = {
				ASSETCATALOG_COMPILER_APPICON_NAME = AppIcon;
				ASSETCATALOG_COMPILER_GLOBAL_ACCENT_COLOR_NAME = AccentColor;
				CODE_SIGN_STYLE = Automatic;
				CURRENT_PROJECT_VERSION = 1;
				GENERATE_INFOPLIST_FILE = YES;
				INFOPLIST_FILE = Daily/Info.plist;
				INFOPLIST_KEY_UIApplicationSupportsIndirectInputEvents = YES;
				INFOPLIST_KEY_UILaunchStoryboardName = LaunchScreen;
				INFOPLIST_KEY_UIMainStoryboardFile = Main;
				INFOPLIST_KEY_UISupportedInterfaceOrientations_iPad = "UIInterfaceOrientationPortrait UIInterfaceOrientationPortraitUpsideDown UIInterfaceOrientationLandscapeLeft UIInterfaceOrientationLandscapeRight";
				INFOPLIST_KEY_UISupportedInterfaceOrientations_iPhone = "UIInterfaceOrientationPortrait UIInterfaceOrientationLandscapeLeft UIInterfaceOrientationLandscapeRight";
				LD_RUNPATH_SEARCH_PATHS = (
					"$(inherited)",
					"@executable_path/Frameworks",
				);
				MARKETING_VERSION = 1.0;
				PRODUCT_BUNDLE_IDENTIFIER = meep.ygo.Daily;
				PRODUCT_NAME = "$(TARGET_NAME)";
				SWIFT_EMIT_LOC_STRINGS = YES;
				SWIFT_VERSION = 5.0;
				TARGETED_DEVICE_FAMILY = "1,2";
			};
			name = Debug;
		};
		B5C096242B36B234000EBB72 /* Release */ = {
			isa = XCBuildConfiguration;
			buildSettings = {
				ASSETCATALOG_COMPILER_APPICON_NAME = AppIcon;
				ASSETCATALOG_COMPILER_GLOBAL_ACCENT_COLOR_NAME = AccentColor;
				CODE_SIGN_STYLE = Automatic;
				CURRENT_PROJECT_VERSION = 1;
				GENERATE_INFOPLIST_FILE = YES;
				INFOPLIST_FILE = Daily/Info.plist;
				INFOPLIST_KEY_UIApplicationSupportsIndirectInputEvents = YES;
				INFOPLIST_KEY_UILaunchStoryboardName = LaunchScreen;
				INFOPLIST_KEY_UIMainStoryboardFile = Main;
				INFOPLIST_KEY_UISupportedInterfaceOrientations_iPad = "UIInterfaceOrientationPortrait UIInterfaceOrientationPortraitUpsideDown UIInterfaceOrientationLandscapeLeft UIInterfaceOrientationLandscapeRight";
				INFOPLIST_KEY_UISupportedInterfaceOrientations_iPhone = "UIInterfaceOrientationPortrait UIInterfaceOrientationLandscapeLeft UIInterfaceOrientationLandscapeRight";
				LD_RUNPATH_SEARCH_PATHS = (
					"$(inherited)",
					"@executable_path/Frameworks",
				);
				MARKETING_VERSION = 1.0;
				PRODUCT_BUNDLE_IDENTIFIER = meep.ygo.Daily;
				PRODUCT_NAME = "$(TARGET_NAME)";
				SWIFT_EMIT_LOC_STRINGS = YES;
				SWIFT_VERSION = 5.0;
				TARGETED_DEVICE_FAMILY = "1,2";
			};
			name = Release;
		};
		B5C096262B36B234000EBB72 /* Debug */ = {
			isa = XCBuildConfiguration;
			buildSettings = {
				ALWAYS_EMBED_SWIFT_STANDARD_LIBRARIES = YES;
				BUNDLE_LOADER = "$(TEST_HOST)";
				CODE_SIGN_STYLE = Automatic;
				CURRENT_PROJECT_VERSION = 1;
				GENERATE_INFOPLIST_FILE = YES;
				IPHONEOS_DEPLOYMENT_TARGET = 16.2;
				MARKETING_VERSION = 1.0;
				PRODUCT_BUNDLE_IDENTIFIER = meep.ygo.DailyTests;
				PRODUCT_NAME = "$(TARGET_NAME)";
				SWIFT_EMIT_LOC_STRINGS = NO;
				SWIFT_VERSION = 5.0;
				TARGETED_DEVICE_FAMILY = "1,2";
				TEST_HOST = "$(BUILT_PRODUCTS_DIR)/Daily.app/$(BUNDLE_EXECUTABLE_FOLDER_PATH)/Daily";
			};
			name = Debug;
		};
		B5C096272B36B234000EBB72 /* Release */ = {
			isa = XCBuildConfiguration;
			buildSettings = {
				ALWAYS_EMBED_SWIFT_STANDARD_LIBRARIES = YES;
				BUNDLE_LOADER = "$(TEST_HOST)";
				CODE_SIGN_STYLE = Automatic;
				CURRENT_PROJECT_VERSION = 1;
				GENERATE_INFOPLIST_FILE = YES;
				IPHONEOS_DEPLOYMENT_TARGET = 16.2;
				MARKETING_VERSION = 1.0;
				PRODUCT_BUNDLE_IDENTIFIER = meep.ygo.DailyTests;
				PRODUCT_NAME = "$(TARGET_NAME)";
				SWIFT_EMIT_LOC_STRINGS = NO;
				SWIFT_VERSION = 5.0;
				TARGETED_DEVICE_FAMILY = "1,2";
				TEST_HOST = "$(BUILT_PRODUCTS_DIR)/Daily.app/$(BUNDLE_EXECUTABLE_FOLDER_PATH)/Daily";
			};
			name = Release;
		};
		B5C096292B36B234000EBB72 /* Debug */ = {
			isa = XCBuildConfiguration;
			buildSettings = {
				ALWAYS_EMBED_SWIFT_STANDARD_LIBRARIES = YES;
				CODE_SIGN_STYLE = Automatic;
				CURRENT_PROJECT_VERSION = 1;
				GENERATE_INFOPLIST_FILE = YES;
				MARKETING_VERSION = 1.0;
				PRODUCT_BUNDLE_IDENTIFIER = meep.ygo.DailyUITests;
				PRODUCT_NAME = "$(TARGET_NAME)";
				SWIFT_EMIT_LOC_STRINGS = NO;
				SWIFT_VERSION = 5.0;
				TARGETED_DEVICE_FAMILY = "1,2";
				TEST_TARGET_NAME = Daily;
			};
			name = Debug;
		};
		B5C0962A2B36B234000EBB72 /* Release */ = {
			isa = XCBuildConfiguration;
			buildSettings = {
				ALWAYS_EMBED_SWIFT_STANDARD_LIBRARIES = YES;
				CODE_SIGN_STYLE = Automatic;
				CURRENT_PROJECT_VERSION = 1;
				GENERATE_INFOPLIST_FILE = YES;
				MARKETING_VERSION = 1.0;
				PRODUCT_BUNDLE_IDENTIFIER = meep.ygo.DailyUITests;
				PRODUCT_NAME = "$(TARGET_NAME)";
				SWIFT_EMIT_LOC_STRINGS = NO;
				SWIFT_VERSION = 5.0;
				TARGETED_DEVICE_FAMILY = "1,2";
				TEST_TARGET_NAME = Daily;
			};
			name = Release;
		};
/* End XCBuildConfiguration section */

/* Begin XCConfigurationList section */
		B5C095F32B36B233000EBB72 /* Build configuration list for PBXProject "Daily" */ = {
			isa = XCConfigurationList;
			buildConfigurations = (
				B5C096202B36B234000EBB72 /* Debug */,
				B5C096212B36B234000EBB72 /* Release */,
			);
			defaultConfigurationIsVisible = 0;
			defaultConfigurationName = Release;
		};
		B5C096222B36B234000EBB72 /* Build configuration list for PBXNativeTarget "Daily" */ = {
			isa = XCConfigurationList;
			buildConfigurations = (
				B5C096232B36B234000EBB72 /* Debug */,
				B5C096242B36B234000EBB72 /* Release */,
			);
			defaultConfigurationIsVisible = 0;
			defaultConfigurationName = Release;
		};
		B5C096252B36B234000EBB72 /* Build configuration list for PBXNativeTarget "DailyTests" */ = {
			isa = XCConfigurationList;
			buildConfigurations = (
				B5C096262B36B234000EBB72 /* Debug */,
				B5C096272B36B234000EBB72 /* Release */,
			);
			defaultConfigurationIsVisible = 0;
			defaultConfigurationName = Release;
		};
		B5C096282B36B234000EBB72 /* Build configuration list for PBXNativeTarget "DailyUITests" */ = {
			isa = XCConfigurationList;
			buildConfigurations = (
				B5C096292B36B234000EBB72 /* Debug */,
				B5C0962A2B36B234000EBB72 /* Release */,
			);
			defaultConfigurationIsVisible = 0;
			defaultConfigurationName = Release;
		};
/* End XCConfigurationList section */
	};
	rootObject = B5C095F02B36B233000EBB72 /* Project object */;
}
